
Microsoft Visual Studio Solution File, Format Version 12.00
# Visual Studio Version 17
VisualStudioVersion = 17.14.36121.58 d17.14
MinimumVisualStudioVersion = 10.0.40219.1
Project("{FAE04EC0-301F-11D3-BF4B-00C04F79EFBC}") = "FA-TAREA", "FA-TAREA.csproj", "{1DA383E0-CC45-4D56-BCBD-17602957A43C}"
EndProject
Project("{888888A0-9F3D-457C-B088-3A5042F75D52}") = "FA-TAREA Python", "..\FA-TAREA Python\FA-TAREA Python.pyproj", "{90A19EBA-E185-424D-BA2B-802843EC3336}"
EndProject
Global
	GlobalSection(SolutionConfigurationPlatforms) = preSolution
		Debug|Any CPU = Debug|Any CPU
		Release|Any CPU = Release|Any CPU
	EndGlobalSection
	GlobalSection(ProjectConfigurationPlatforms) = postSolution
		{1DA383E0-CC45-4D56-BCBD-17602957A43C}.Debug|Any CPU.ActiveCfg = Debug|Any CPU
		{1DA383E0-CC45-4D56-BCBD-17602957A43C}.Debug|Any CPU.Build.0 = Debug|Any CPU
		{1DA383E0-CC45-4D56-BCBD-17602957A43C}.Release|Any CPU.ActiveCfg = Release|Any CPU
		{1DA383E0-CC45-4D56-BCBD-17602957A43C}.Release|Any CPU.Build.0 = Release|Any CPU
		{90A19EBA-E185-424D-BA2B-802843EC3336}.Debug|Any CPU.ActiveCfg = Debug|Any CPU
		{90A19EBA-E185-424D-BA2B-802843EC3336}.Release|Any CPU.ActiveCfg = Release|Any CPU
	EndGlobalSection
	GlobalSection(SolutionProperties) = preSolution
		HideSolutionNode = FALSE
	EndGlobalSection
	GlobalSection(ExtensibilityGlobals) = postSolution
		SolutionGuid = {CD2B24BA-5389-4991-877F-C15C2F5DD63A}
	EndGlobalSection
EndGlobal
